
Microsoft Visual Studio Solution File, Format Version 12.00
# Visual Studio Version 17
VisualStudioVersion = 17.2.32616.157
MinimumVisualStudioVersion = 10.0.40219.1
Project("{9A19103F-16F7-4668-BE54-9A1E7A4F7556}") = "MISA.CUKCUK.Api", "MISA.CUKCUK.Api\MISA.CUKCUK.Api.csproj", "{D55203E3-4570-4BA5-A51C-F707273BD098}"
EndProject
Project("{9A19103F-16F7-4668-BE54-9A1E7A4F7556}") = "MISA.CUKCUK.Common", "..\MISA.CUKCUK.Common\MISA.CUKCUK.Common.csproj", "{6A97FCE9-2BC9-44C0-BFB5-7FE06D445D3E}"
EndProject
Project("{9A19103F-16F7-4668-BE54-9A1E7A4F7556}") = "MISA.CUKCUK.BLL", "..\MISA.CUKCUK.BLL\MISA.CUKCUK.BLL.csproj", "{6E9E3956-BDAC-45EA-84BF-C9B4101B2362}"
EndProject
Project("{9A19103F-16F7-4668-BE54-9A1E7A4F7556}") = "MISA.CUKCUK.DAL", "..\MISA.CUKCUK.DAL\MISA.CUKCUK.DAL.csproj", "{A70C27DD-D537-4960-B40B-495DCA194F93}"
EndProject
Project("{54A90642-561A-4BB1-A94E-469ADEE60C69}") = "cukcuk", "..\cukcuk\cukcuk.esproj", "{9420D48C-C9DB-4204-8852-997561DBCA70}"
EndProject
Global
	GlobalSection(SolutionConfigurationPlatforms) = preSolution
		Debug|Any CPU = Debug|Any CPU
		Release|Any CPU = Release|Any CPU
	EndGlobalSection
	GlobalSection(ProjectConfigurationPlatforms) = postSolution
		{D55203E3-4570-4BA5-A51C-F707273BD098}.Debug|Any CPU.ActiveCfg = Debug|Any CPU
		{D55203E3-4570-4BA5-A51C-F707273BD098}.Debug|Any CPU.Build.0 = Debug|Any CPU
		{D55203E3-4570-4BA5-A51C-F707273BD098}.Release|Any CPU.ActiveCfg = Release|Any CPU
		{D55203E3-4570-4BA5-A51C-F707273BD098}.Release|Any CPU.Build.0 = Release|Any CPU
		{6A97FCE9-2BC9-44C0-BFB5-7FE06D445D3E}.Debug|Any CPU.ActiveCfg = Debug|Any CPU
		{6A97FCE9-2BC9-44C0-BFB5-7FE06D445D3E}.Debug|Any CPU.Build.0 = Debug|Any CPU
		{6A97FCE9-2BC9-44C0-BFB5-7FE06D445D3E}.Release|Any CPU.ActiveCfg = Release|Any CPU
		{6A97FCE9-2BC9-44C0-BFB5-7FE06D445D3E}.Release|Any CPU.Build.0 = Release|Any CPU
		{6E9E3956-BDAC-45EA-84BF-C9B4101B2362}.Debug|Any CPU.ActiveCfg = Debug|Any CPU
		{6E9E3956-BDAC-45EA-84BF-C9B4101B2362}.Debug|Any CPU.Build.0 = Debug|Any CPU
		{6E9E3956-BDAC-45EA-84BF-C9B4101B2362}.Release|Any CPU.ActiveCfg = Release|Any CPU
		{6E9E3956-BDAC-45EA-84BF-C9B4101B2362}.Release|Any CPU.Build.0 = Release|Any CPU
		{A70C27DD-D537-4960-B40B-495DCA194F93}.Debug|Any CPU.ActiveCfg = Debug|Any CPU
		{A70C27DD-D537-4960-B40B-495DCA194F93}.Debug|Any CPU.Build.0 = Debug|Any CPU
		{A70C27DD-D537-4960-B40B-495DCA194F93}.Release|Any CPU.ActiveCfg = Release|Any CPU
		{A70C27DD-D537-4960-B40B-495DCA194F93}.Release|Any CPU.Build.0 = Release|Any CPU
		{9420D48C-C9DB-4204-8852-997561DBCA70}.Debug|Any CPU.ActiveCfg = Debug|Any CPU
		{9420D48C-C9DB-4204-8852-997561DBCA70}.Debug|Any CPU.Build.0 = Debug|Any CPU
		{9420D48C-C9DB-4204-8852-997561DBCA70}.Debug|Any CPU.Deploy.0 = Debug|Any CPU
		{9420D48C-C9DB-4204-8852-997561DBCA70}.Release|Any CPU.ActiveCfg = Release|Any CPU
		{9420D48C-C9DB-4204-8852-997561DBCA70}.Release|Any CPU.Build.0 = Release|Any CPU
		{9420D48C-C9DB-4204-8852-997561DBCA70}.Release|Any CPU.Deploy.0 = Release|Any CPU
	EndGlobalSection
	GlobalSection(SolutionProperties) = preSolution
		HideSolutionNode = FALSE
	EndGlobalSection
	GlobalSection(ExtensibilityGlobals) = postSolution
		SolutionGuid = {375867C6-1763-4136-BCFD-15CB44A58630}
	EndGlobalSection
EndGlobal
